# THIS IS AN AUTOGENERATED FILE. DO NOT EDIT THIS FILE DIRECTLY.
# yarn lockfile v1


"@meldcx/matrix-component-camera-barcode-scanner@^1.0.10":
  version "1.0.10"
  resolved "https://registry.yarnpkg.com/@meldcx/matrix-component-camera-barcode-scanner/-/matrix-component-camera-barcode-scanner-1.0.10.tgz#b0a4c8c675be567e268a8fb59c5720d76a63130f"
  integrity sha512-qgARsI4VYhIWOBPmTVADjZ4PjSp+ZjGcifX1KjOzSVMcy8oo8EudqHVezInNEqzWhXJBiOjT+MyoZhlHQi978w==
  dependencies:
    "@zxing/library" "^0.14.2"
    instascan "^1.0.0"
    jsqr "^1.2.0"

"@zxing/library@^0.14.2":
  version "0.14.2"
  resolved "https://registry.yarnpkg.com/@zxing/library/-/library-0.14.2.tgz#686a4218857b21e4a6c64561769d9901bf623d94"
  integrity sha512-n621ErZ7tba9/7GlU6LsfbDgx1fnjZNxblwKU5W4p8vHGIJ2X+/F9rAUyHq8PAUN3HkZaelhS58qhnbbVH8SBA==
  dependencies:
    ts-custom-error "^3.0.0"
  optionalDependencies:
    text-encoding "^0.7.0"

babel-polyfill@^6.9.1:
  version "6.26.0"
  resolved "https://registry.yarnpkg.com/babel-polyfill/-/babel-polyfill-6.26.0.tgz#379937abc67d7895970adc621f284cd966cf2153"
  integrity sha1-N5k3q8Z9eJWXCtxiHyhM2WbPIVM=
  dependencies:
    babel-runtime "^6.26.0"
    core-js "^2.5.0"
    regenerator-runtime "^0.10.5"

babel-runtime@^6.26.0:
  version "6.26.0"
  resolved "https://registry.yarnpkg.com/babel-runtime/-/babel-runtime-6.26.0.tgz#965c7058668e82b55d7bfe04ff2337bc8b5647fe"
  integrity sha1-llxwWGaOgrVde/4E/yM3vItWR/4=
  dependencies:
    core-js "^2.4.0"
    regenerator-runtime "^0.11.0"

core-js@^2.4.0, core-js@^2.5.0:
  version "2.6.9"
  resolved "https://registry.yarnpkg.com/core-js/-/core-js-2.6.9.tgz#6b4b214620c834152e179323727fc19741b084f2"
  integrity sha512-HOpZf6eXmnl7la+cUdMnLvUxKNqLUzJvgIziQ0DiF3JwSImNphIqdGqzj6hIKyX04MmV0poclQ7+wjWvxQyR2A==

es6-promise@^4.0.2:
  version "4.2.8"
  resolved "https://registry.yarnpkg.com/es6-promise/-/es6-promise-4.2.8.tgz#4eb21594c972bc40553d276e510539143db53e0a"
  integrity sha512-HJDGx5daxeIvxdBxvG2cb9g4tEvwIk3i8+nhX0yGrYmZUzbkdg8QbDevheDB8gd0//uPj4c1EQua8Q+MViT0/w==

fsm-as-promised@^0.13.0:
  version "0.13.2"
  resolved "https://registry.yarnpkg.com/fsm-as-promised/-/fsm-as-promised-0.13.2.tgz#5f4e11086828b70a1922dc7b4f81c0817d6e8238"
  integrity sha1-X04RCGgotwoZItx7T4HAgX1ugjg=
  dependencies:
    es6-promise "^4.0.2"
    lodash "^4.16.2"
    stampit "^3.0.1"

instascan@^1.0.0:
  version "1.0.0"
  resolved "https://registry.yarnpkg.com/instascan/-/instascan-1.0.0.tgz#de5949f73f698f8dff68df0a7bcf6942a799ee44"
  integrity sha1-3llJ9z9pj43/aN8Ke89pQqeZ7kQ=
  dependencies:
    babel-polyfill "^6.9.1"
    fsm-as-promised "^0.13.0"
    visibilityjs "^1.2.3"
    webrtc-adapter "^1.4.0"

jsqr@^1.2.0:
  version "1.2.0"
  resolved "https://registry.yarnpkg.com/jsqr/-/jsqr-1.2.0.tgz#f93fc65fa7d1ded78b1bcb020fa044352b04261a"
  integrity sha512-wKcQS9QC2VHGk7aphWCp1RrFyC0CM6fMgC5prZZ2KV/Lk6OKNoCod9IR6bao+yx3KPY0gZFC5dc+h+KFzCI0Wg==

lodash@^4.16.2:
  version "4.17.21"
  resolved "https://registry.yarnpkg.com/lodash/-/lodash-4.17.21.tgz#679591c564c3bffaae8454cf0b3df370c3d6911c"
  integrity sha512-v2kDEe57lecTulaDIuNTPy3Ry4gLGJ6Z1O3vE1krgXZNrsQ+LFTGHVxVjcXPs17LhbZVGedAJv8XZ1tvj5FvSg==

regenerator-runtime@^0.10.5:
  version "0.10.5"
  resolved "https://registry.yarnpkg.com/regenerator-runtime/-/regenerator-runtime-0.10.5.tgz#336c3efc1220adcedda2c9fab67b5a7955a33658"
  integrity sha1-M2w+/BIgrc7dosn6tntaeVWjNlg=

regenerator-runtime@^0.11.0:
  version "0.11.1"
  resolved "https://registry.yarnpkg.com/regenerator-runtime/-/regenerator-runtime-0.11.1.tgz#be05ad7f9bf7d22e056f9726cee5017fbf19e2e9"
  integrity sha512-MguG95oij0fC3QV3URf4V2SDYGJhJnJGqvIIgdECeODCT98wSWDAJ94SSuVpYQUoTcGUIL6L4yNB7j1DFFHSBg==

sdp@^1.0.0:
  version "1.5.4"
  resolved "https://registry.yarnpkg.com/sdp/-/sdp-1.5.4.tgz#8e038f6ddb14bd765ae1f4b5216e12094511e0d0"
  integrity sha1-jgOPbdsUvXZa4fS1IW4SCUUR4NA=

stampit@^3.0.1:
  version "3.2.1"
  resolved "https://registry.yarnpkg.com/stampit/-/stampit-3.2.1.tgz#953a41a49458a0b286ffb1e3c9d6ce7036e589db"
  integrity sha1-lTpBpJRYoLKG/7HjydbOcDblids=

text-encoding@^0.7.0:
  version "0.7.0"
  resolved "https://registry.yarnpkg.com/text-encoding/-/text-encoding-0.7.0.tgz#f895e836e45990624086601798ea98e8f36ee643"
  integrity sha512-oJQ3f1hrOnbRLOcwKz0Liq2IcrvDeZRHXhd9RgLrsT+DjWY/nty1Hi7v3dtkaEYbPYe0mUoOfzRrMwfXXwgPUA==

ts-custom-error@^3.0.0:
  version "3.1.0"
  resolved "https://registry.yarnpkg.com/ts-custom-error/-/ts-custom-error-3.1.0.tgz#2abcd25b253ca209036a51870318da9b1de93107"
  integrity sha512-EIL1r8RKfa006lLhSSVsAlvu6/BgRdSLSxibP27zq66ydh6Kbsjv1pV7VAD7TxQfdQ9begiQW0QVjsnr9KvVrw==

visibilityjs@^1.2.3:
  version "1.2.8"
  resolved "https://registry.yarnpkg.com/visibilityjs/-/visibilityjs-1.2.8.tgz#4ccdcebdaef0b34fb89219ab8e10e39c3a7cbfd8"
  integrity sha512-Y+aL3OUX88b+/VSmkmC2ApuLbf0grzbNLpCfIDSw3BzTU6PqcPsdgIOaw8b+eZoy+DdQqnVN3y/Evow9vQq9Ig==

webrtc-adapter@^1.4.0:
  version "1.4.0"
  resolved "https://registry.yarnpkg.com/webrtc-adapter/-/webrtc-adapter-1.4.0.tgz#58289a63d054c65b36fb0ef389ea2f6d0c7f5d98"
  integrity sha1-WCiaY9BUxls2+w7zieovbQx/XZg=
  dependencies:
    sdp "^1.0.0"
